
Microsoft Visual Studio Solution File, Format Version 12.00
# Visual Studio 15
VisualStudioVersion = 15.0.27428.2027
MinimumVisualStudioVersion = 10.0.40219.1
Project("{8BC9CEB8-8B4A-11D0-8D11-00A0C91BC942}") = "maman11_targil2", "Maman\Maman.vcxproj", "{3383E224-8129-41A1-89C4-74369D4AFAA4}"
EndProject
Project("{8BC9CEB8-8B4A-11D0-8D11-00A0C91BC942}") = "maman11_targil1", "maman11_targil1\maman11_targil1.vcxproj", "{8D450CFA-D1B1-4C26-B77C-994566D2EFC8}"
EndProject
Project("{8BC9CEB8-8B4A-11D0-8D11-00A0C91BC942}") = "maman12", "Maman12.c\Maman12.c.vcxproj", "{07E68A1A-B6C0-48BB-B130-AACC8AAF0E80}"
EndProject
Project("{8BC9CEB8-8B4A-11D0-8D11-00A0C91BC942}") = "maman22", "maman22.c\maman22.c.vcxproj", "{8CD6F282-8B9B-4724-BAC0-ED1A0B3598DC}"
EndProject
Project("{8BC9CEB8-8B4A-11D0-8D11-00A0C91BC942}") = "maman23", "maman231\maman231.vcxproj", "{CE8847A1-232F-4FFF-A878-D45B6AD1CA45}"
EndProject
Global
	GlobalSection(SolutionConfigurationPlatforms) = preSolution
		Debug|x64 = Debug|x64
		Debug|x86 = Debug|x86
		Release|x64 = Release|x64
		Release|x86 = Release|x86
	EndGlobalSection
	GlobalSection(ProjectConfigurationPlatforms) = postSolution
		{3383E224-8129-41A1-89C4-74369D4AFAA4}.Debug|x64.ActiveCfg = Debug|x64
		{3383E224-8129-41A1-89C4-74369D4AFAA4}.Debug|x64.Build.0 = Debug|x64
		{3383E224-8129-41A1-89C4-74369D4AFAA4}.Debug|x86.ActiveCfg = Debug|Win32
		{3383E224-8129-41A1-89C4-74369D4AFAA4}.Debug|x86.Build.0 = Debug|Win32
		{3383E224-8129-41A1-89C4-74369D4AFAA4}.Release|x64.ActiveCfg = Release|x64
		{3383E224-8129-41A1-89C4-74369D4AFAA4}.Release|x64.Build.0 = Release|x64
		{3383E224-8129-41A1-89C4-74369D4AFAA4}.Release|x86.ActiveCfg = Release|Win32
		{3383E224-8129-41A1-89C4-74369D4AFAA4}.Release|x86.Build.0 = Release|Win32
		{8D450CFA-D1B1-4C26-B77C-994566D2EFC8}.Debug|x64.ActiveCfg = Debug|x64
		{8D450CFA-D1B1-4C26-B77C-994566D2EFC8}.Debug|x64.Build.0 = Debug|x64
		{8D450CFA-D1B1-4C26-B77C-994566D2EFC8}.Debug|x86.ActiveCfg = Debug|Win32
		{8D450CFA-D1B1-4C26-B77C-994566D2EFC8}.Debug|x86.Build.0 = Debug|Win32
		{8D450CFA-D1B1-4C26-B77C-994566D2EFC8}.Release|x64.ActiveCfg = Release|x64
		{8D450CFA-D1B1-4C26-B77C-994566D2EFC8}.Release|x64.Build.0 = Release|x64
		{8D450CFA-D1B1-4C26-B77C-994566D2EFC8}.Release|x86.ActiveCfg = Release|Win32
		{8D450CFA-D1B1-4C26-B77C-994566D2EFC8}.Release|x86.Build.0 = Release|Win32
		{07E68A1A-B6C0-48BB-B130-AACC8AAF0E80}.Debug|x64.ActiveCfg = Debug|x64
		{07E68A1A-B6C0-48BB-B130-AACC8AAF0E80}.Debug|x64.Build.0 = Debug|x64
		{07E68A1A-B6C0-48BB-B130-AACC8AAF0E80}.Debug|x86.ActiveCfg = Debug|Win32
		{07E68A1A-B6C0-48BB-B130-AACC8AAF0E80}.Debug|x86.Build.0 = Debug|Win32
		{07E68A1A-B6C0-48BB-B130-AACC8AAF0E80}.Release|x64.ActiveCfg = Release|x64
		{07E68A1A-B6C0-48BB-B130-AACC8AAF0E80}.Release|x64.Build.0 = Release|x64
		{07E68A1A-B6C0-48BB-B130-AACC8AAF0E80}.Release|x86.ActiveCfg = Release|Win32
		{07E68A1A-B6C0-48BB-B130-AACC8AAF0E80}.Release|x86.Build.0 = Release|Win32
		{8CD6F282-8B9B-4724-BAC0-ED1A0B3598DC}.Debug|x64.ActiveCfg = Debug|x64
		{8CD6F282-8B9B-4724-BAC0-ED1A0B3598DC}.Debug|x64.Build.0 = Debug|x64
		{8CD6F282-8B9B-4724-BAC0-ED1A0B3598DC}.Debug|x86.ActiveCfg = Debug|Win32
		{8CD6F282-8B9B-4724-BAC0-ED1A0B3598DC}.Debug|x86.Build.0 = Debug|Win32
		{8CD6F282-8B9B-4724-BAC0-ED1A0B3598DC}.Release|x64.ActiveCfg = Release|x64
		{8CD6F282-8B9B-4724-BAC0-ED1A0B3598DC}.Release|x64.Build.0 = Release|x64
		{8CD6F282-8B9B-4724-BAC0-ED1A0B3598DC}.Release|x86.ActiveCfg = Release|Win32
		{8CD6F282-8B9B-4724-BAC0-ED1A0B3598DC}.Release|x86.Build.0 = Release|Win32
		{CE8847A1-232F-4FFF-A878-D45B6AD1CA45}.Debug|x64.ActiveCfg = Debug|x64
		{CE8847A1-232F-4FFF-A878-D45B6AD1CA45}.Debug|x64.Build.0 = Debug|x64
		{CE8847A1-232F-4FFF-A878-D45B6AD1CA45}.Debug|x86.ActiveCfg = Debug|Win32
		{CE8847A1-232F-4FFF-A878-D45B6AD1CA45}.Debug|x86.Build.0 = Debug|Win32
		{CE8847A1-232F-4FFF-A878-D45B6AD1CA45}.Release|x64.ActiveCfg = Release|x64
		{CE8847A1-232F-4FFF-A878-D45B6AD1CA45}.Release|x64.Build.0 = Release|x64
		{CE8847A1-232F-4FFF-A878-D45B6AD1CA45}.Release|x86.ActiveCfg = Release|Win32
		{CE8847A1-232F-4FFF-A878-D45B6AD1CA45}.Release|x86.Build.0 = Release|Win32
	EndGlobalSection
	GlobalSection(SolutionProperties) = preSolution
		HideSolutionNode = FALSE
	EndGlobalSection
	GlobalSection(ExtensibilityGlobals) = postSolution
		SolutionGuid = {154B8AC6-E85F-4D9D-AFBA-ED3EBC219195}
	EndGlobalSection
	GlobalSection(Performance) = preSolution
		HasPerformanceSessions = true
	EndGlobalSection
EndGlobal
